
Microsoft Visual Studio Solution File, Format Version 12.00
# Visual Studio Version 17
VisualStudioVersion = 17.13.35931.197 d17.13
MinimumVisualStudioVersion = 10.0.40219.1
Project("{FAE04EC0-301F-11D3-BF4B-00C04F79EFBC}") = "AgendaApp.ApiUsuarios", "AgendaApp.ApiUsuarios\AgendaApp.ApiUsuarios.csproj", "{74F63DA4-6B24-413B-8C28-9859EB1738AB}"
EndProject
Project("{FAE04EC0-301F-11D3-BF4B-00C04F79EFBC}") = "AgendaApp.ApiTarefas", "AgendaApp.ApiTarefas\AgendaApp.ApiTarefas.csproj", "{7E02C2CC-7CC6-40D3-A708-4A42970313C4}"
EndProject
Project("{2150E333-8FDC-42A3-9474-1A3956D46DE8}") = "1- Camada de Apresentação", "1- Camada de Apresentação", "{02EA681E-C7D8-13C7-8484-4AC65E1B71E8}"
EndProject
Project("{2150E333-8FDC-42A3-9474-1A3956D46DE8}") = "2- Camada de Aplicação", "2- Camada de Aplicação", "{7F287038-A8BC-4F4E-ACE8-8EE741A1BCA5}"
EndProject
Project("{2150E333-8FDC-42A3-9474-1A3956D46DE8}") = "3- Camada de Dominio", "3- Camada de Dominio", "{8E07D8CA-C28D-4554-BB27-FACB5B2E5407}"
EndProject
Project("{2150E333-8FDC-42A3-9474-1A3956D46DE8}") = "4- Camada de Infraestrutura", "4- Camada de Infraestrutura", "{C2108DD5-E4C8-4A6B-A6CD-DDD136E75F04}"
EndProject
Global
	GlobalSection(SolutionConfigurationPlatforms) = preSolution
		Debug|Any CPU = Debug|Any CPU
		Release|Any CPU = Release|Any CPU
	EndGlobalSection
	GlobalSection(ProjectConfigurationPlatforms) = postSolution
		{74F63DA4-6B24-413B-8C28-9859EB1738AB}.Debug|Any CPU.ActiveCfg = Debug|Any CPU
		{74F63DA4-6B24-413B-8C28-9859EB1738AB}.Debug|Any CPU.Build.0 = Debug|Any CPU
		{74F63DA4-6B24-413B-8C28-9859EB1738AB}.Release|Any CPU.ActiveCfg = Release|Any CPU
		{74F63DA4-6B24-413B-8C28-9859EB1738AB}.Release|Any CPU.Build.0 = Release|Any CPU
		{7E02C2CC-7CC6-40D3-A708-4A42970313C4}.Debug|Any CPU.ActiveCfg = Debug|Any CPU
		{7E02C2CC-7CC6-40D3-A708-4A42970313C4}.Debug|Any CPU.Build.0 = Debug|Any CPU
		{7E02C2CC-7CC6-40D3-A708-4A42970313C4}.Release|Any CPU.ActiveCfg = Release|Any CPU
		{7E02C2CC-7CC6-40D3-A708-4A42970313C4}.Release|Any CPU.Build.0 = Release|Any CPU
	EndGlobalSection
	GlobalSection(SolutionProperties) = preSolution
		HideSolutionNode = FALSE
	EndGlobalSection
	GlobalSection(NestedProjects) = preSolution
		{74F63DA4-6B24-413B-8C28-9859EB1738AB} = {02EA681E-C7D8-13C7-8484-4AC65E1B71E8}
		{7E02C2CC-7CC6-40D3-A708-4A42970313C4} = {02EA681E-C7D8-13C7-8484-4AC65E1B71E8}
	EndGlobalSection
	GlobalSection(ExtensibilityGlobals) = postSolution
		SolutionGuid = {BBA5CE8C-9FDA-4884-9E24-5E71ECE4F997}
	EndGlobalSection
EndGlobal
